
Microsoft Visual Studio Solution File, Format Version 12.00
# Visual Studio Version 17
VisualStudioVersion = 17.4.33213.308
MinimumVisualStudioVersion = 10.0.40219.1
Project("{FAE04EC0-301F-11D3-BF4B-00C04F79EFBC}") = "PersonalBlog", "PersonalBlog.csproj", "{E5E43CE9-CB86-486B-BB6C-CF6B9E40270C}"
EndProject
Global
	GlobalSection(SolutionConfigurationPlatforms) = preSolution
		Debug|Any CPU = Debug|Any CPU
		Release|Any CPU = Release|Any CPU
	EndGlobalSection
	GlobalSection(ProjectConfigurationPlatforms) = postSolution
		{E5E43CE9-CB86-486B-BB6C-CF6B9E40270C}.Debug|Any CPU.ActiveCfg = Debug|Any CPU
		{E5E43CE9-CB86-486B-BB6C-CF6B9E40270C}.Debug|Any CPU.Build.0 = Debug|Any CPU
		{E5E43CE9-CB86-486B-BB6C-CF6B9E40270C}.Release|Any CPU.ActiveCfg = Release|Any CPU
		{E5E43CE9-CB86-486B-BB6C-CF6B9E40270C}.Release|Any CPU.Build.0 = Release|Any CPU
	EndGlobalSection
	GlobalSection(SolutionProperties) = preSolution
		HideSolutionNode = FALSE
	EndGlobalSection
	GlobalSection(ExtensibilityGlobals) = postSolution
		SolutionGuid = {F949D31C-EFFE-4DE9-9A75-EA16C9805AA4}
	EndGlobalSection
EndGlobal
